
Microsoft Visual Studio Solution File, Format Version 12.00
Project("{FAE04EC0-301F-11D3-BF4B-00C04F79EFBC}") = "CrawlExcel.Console", "CrawlExcel.Console\CrawlExcel.Console.csproj", "{104FB163-C072-467F-8EB7-8AC271332307}"
EndProject
Global
	GlobalSection(SolutionConfigurationPlatforms) = preSolution
		Debug|Any CPU = Debug|Any CPU
		Release|Any CPU = Release|Any CPU
	EndGlobalSection
	GlobalSection(ProjectConfigurationPlatforms) = postSolution
		{104FB163-C072-467F-8EB7-8AC271332307}.Debug|Any CPU.ActiveCfg = Debug|Any CPU
		{104FB163-C072-467F-8EB7-8AC271332307}.Debug|Any CPU.Build.0 = Debug|Any CPU
		{104FB163-C072-467F-8EB7-8AC271332307}.Release|Any CPU.ActiveCfg = Release|Any CPU
		{104FB163-C072-467F-8EB7-8AC271332307}.Release|Any CPU.Build.0 = Release|Any CPU
	EndGlobalSection
EndGlobal
